{
  "requires": true,
  "lockfileVersion": 1,
  "dependencies": {
    "ngx-currency": {
      "version": "2.5.3",
      "resolved": "http://repo.sanepar.com.br/repository/node/ngx-currency/-/ngx-currency-2.5.3.tgz",
      "integrity": "sha512-NS58eSK1vTIzrtbK1KI6zUpaZrFZtBHGX8aYQefSSf8qz83alB4rIEzXoMn/ZydPhoVTg2vk8m+3aVs6PiPnOA==",
      "requires": {
        "tslib": "^2.0.0"
      }
    },
    "ngx-spinner": {
      "version": "13.1.1",
      "resolved": "http://repo.sanepar.com.br/repository/node/ngx-spinner/-/ngx-spinner-13.1.1.tgz",
      "integrity": "sha512-6aJz4KxIsBrlQckJxcM3CEvMcYbZoSDnQZPu0F/ZYAYunbBOTb9iydw0Gjczg9moum1VURWjX5dTVKmFo85c2Q==",
      "requires": {
        "tslib": "^2.3.0"
      }
    },
    "tslib": {
      "version": "2.4.0",
      "resolved": "http://repo.sanepar.com.br/repository/node/tslib/-/tslib-2.4.0.tgz",
      "integrity": "sha512-d6xOpEDfsi2CZVlPQzGeux8XMwLT9hssAsaPYExaQMuYskwb+x1x7J371tWlbBdWHroy99KnVB6qIkUbs5X3UQ=="
    }
  }
}
